PODS:
  - Kingfisher (7.9.1)
  - RxCocoa (6.5.0):
    - RxRelay (= 6.5.0)
    - RxSwift (= 6.5.0)
  - RxRelay (6.5.0):
    - RxSwift (= 6.5.0)
  - RxSwift (6.5.0)

DEPENDENCIES:
  - Kingfisher
  - RxCocoa
  - RxSwift

SPEC REPOS:
  trunk:
    - Kingfisher
    - RxCocoa
    - RxRelay
    - RxSwift

SPEC CHECKSUMS:
  Kingfisher: 1d14e9f59cbe19389f591c929000332bf70efd32
  RxCocoa: 94f817b71c07517321eb4f9ad299112ca8af743b
  RxRelay: 1de1523e604c72b6c68feadedd1af3b1b4d0ecbd
  RxSwift: 5710a9e6b17f3c3d6e40d6e559b9fa1e813b2ef8

PODFILE CHECKSUM: b74fe5a270c8fd2786dfd1ba6585ccca4291877d

COCOAPODS: 1.12.1
